// !$*UTF8*$!
{
	archiveVersion = 1;
	classes = {
	};
	objectVersion = 46;
	objects = {

/* Begin PBXBuildFile section */
		0D332A561C2889A1006198C7 /* AppDelegate.swift in Sources */ = {isa = PBXBuildFile; fileRef = 0D332A551C2889A1006198C7 /* AppDelegate.swift */; };
		0D332A581C2889A1006198C7 /* ViewController.swift in Sources */ = {isa = PBXBuildFile; fileRef = 0D332A571C2889A1006198C7 /* ViewController.swift */; };
		0D332A5B1C2889A1006198C7 /* Main.storyboard in Resources */ = {isa = PBXBuildFile; fileRef = 0D332A591C2889A1006198C7 /* Main.storyboard */; };
		0D332A5D1C2889A1006198C7 /* Assets.xcassets in Resources */ = {isa = PBXBuildFile; fileRef = 0D332A5C1C2889A1006198C7 /* Assets.xcassets */; };
		0D332A601C2889A1006198C7 /* LaunchScreen.storyboard in Resources */ = {isa = PBXBuildFile; fileRef = 0D332A5E1C2889A1006198C7 /* LaunchScreen.storyboard */; };
		0D332A6B1C2889A1006198C7 /* T1E1BCarlosMenesesTests.swift in Sources */ = {isa = PBXBuildFile; fileRef = 0D332A6A1C2889A1006198C7 /* T1E1BCarlosMenesesTests.swift */; };
		0D332A761C2889A1006198C7 /* T1E1BCarlosMenesesUITests.swift in Sources */ = {isa = PBXBuildFile; fileRef = 0D332A751C2889A1006198C7 /* T1E1BCarlosMenesesUITests.swift */; };
/* End PBXBuildFile section */

/* Begin PBXContainerItemProxy section */
		0D332A671C2889A1006198C7 /* PBXContainerItemProxy */ = {
			isa = PBXContainerItemProxy;
			containerPortal = 0D332A4A1C2889A1006198C7 /* Project object */;
			proxyType = 1;
			remoteGlobalIDString = 0D332A511C2889A1006198C7;
			remoteInfo = T1E1BCarlosMeneses;
		};
		0D332A721C2889A1006198C7 /* PBXContainerItemProxy */ = {
			isa = PBXContainerItemProxy;
			containerPortal = 0D332A4A1C2889A1006198C7 /* Project object */;
			proxyType = 1;
			remoteGlobalIDString = 0D332A511C2889A1006198C7;
			remoteInfo = T1E1BCarlosMeneses;
		};
/* End PBXContainerItemProxy section */

/* Begin PBXFileReference section */
		0D332A521C2889A1006198C7 /* T1E1BCarlosMeneses.app */ = {isa = PBXFileReference; explicitFileType = wrapper.application; includeInIndex = 0; path = T1E1BCarlosMeneses.app; sourceTree = BUILT_PRODUCTS_DIR; };
		0D332A551C2889A1006198C7 /* AppDelegate.swift */ = {isa = PBXFileReference; lastKnownFileType = sourcecode.swift; path = AppDelegate.swift; sourceTree = "<group>"; };
		0D332A571C2889A1006198C7 /* ViewController.swift */ = {isa = PBXFileReference; lastKnownFileType = sourcecode.swift; path = ViewController.swift; sourceTree = "<group>"; };
		0D332A5A1C2889A1006198C7 /* Base */ = {isa = PBXFileReference; lastKnownFileType = file.storyboard; name = Base; path = Base.lproj/Main.storyboard; sourceTree = "<group>"; };
		0D332A5C1C2889A1006198C7 /* Assets.xcassets */ = {isa = PBXFileReference; lastKnownFileType = folder.assetcatalog; path = Assets.xcassets; sourceTree = "<group>"; };
		0D332A5F1C2889A1006198C7 /* Base */ = {isa = PBXFileReference; lastKnownFileType = file.storyboard; name = Base; path = Base.lproj/LaunchScreen.storyboard; sourceTree = "<group>"; };
		0D332A611C2889A1006198C7 /* Info.plist */ = {isa = PBXFileReference; lastKnownFileType = text.plist.xml; path = Info.plist; sourceTree = "<group>"; };
		0D332A661C2889A1006198C7 /* T1E1BCarlosMenesesTests.xctest */ = {isa = PBXFileReference; explicitFileType = wrapper.cfbundle; includeInIndex = 0; path = T1E1BCarlosMenesesTests.xctest; sourceTree = BUILT_PRODUCTS_DIR; };
		0D332A6A1C2889A1006198C7 /* T1E1BCarlosMenesesTests.swift */ = {isa = PBXFileReference; lastKnownFileType = sourcecode.swift; path = T1E1BCarlosMenesesTests.swift; sourceTree = "<group>"; };
		0D332A6C1C2889A1006198C7 /* Info.plist */ = {isa = PBXFileReference; lastKnownFileType = text.plist.xml; path = Info.plist; sourceTree = "<group>"; };
		0D332A711C2889A1006198C7 /* T1E1BCarlosMenesesUITests.xctest */ = {isa = PBXFileReference; explicitFileType = wrapper.cfbundle; includeInIndex = 0; path = T1E1BCarlosMenesesUITests.xctest; sourceTree = BUILT_PRODUCTS_DIR; };
		0D332A751C2889A1006198C7 /* T1E1BCarlosMenesesUITests.swift */ = {isa = PBXFileReference; lastKnownFileType = sourcecode.swift; path = T1E1BCarlosMenesesUITests.swift; sourceTree = "<group>"; };
		0D332A771C2889A1006198C7 /* Info.plist */ = {isa = PBXFileReference; lastKnownFileType = text.plist.xml; path = Info.plist; sourceTree = "<group>"; };
/* End PBXFileReference section */

/* Begin PBXFrameworksBuildPhase section */
		0D332A4F1C2889A1006198C7 /* Frameworks */ = {
			isa = PBXFrameworksBuildPhase;
			buildActionMask = 2147483647;
			files = (
			);
			runOnlyForDeploymentPostprocessing = 0;
		};
		0D332A631C2889A1006198C7 /* Frameworks */ = {
			isa = PBXFrameworksBuildPhase;
			buildActionMask = 2147483647;
			files = (
			);
			runOnlyForDeploymentPostprocessing = 0;
		};
		0D332A6E1C2889A1006198C7 /* Frameworks */ = {
			isa = PBXFrameworksBuildPhase;
			buildActionMask = 2147483647;
			files = (
			);
			runOnlyForDeploymentPostprocessing = 0;
		};
/* End PBXFrameworksBuildPhase section */

/* Begin PBXGroup section */
		0D332A491C2889A1006198C7 = {
			isa = PBXGroup;
			children = (
				0D332A541C2889A1006198C7 /* T1E1BCarlosMeneses */,
				0D332A691C2889A1006198C7 /* T1E1BCarlosMenesesTests */,
				0D332A741C2889A1006198C7 /* T1E1BCarlosMenesesUITests */,
				0D332A531C2889A1006198C7 /* Products */,
			);
			sourceTree = "<group>";
		};
		0D332A531C2889A1006198C7 /* Products */ = {
			isa = PBXGroup;
			children = (
				0D332A521C2889A1006198C7 /* T1E1BCarlosMeneses.app */,
				0D332A661C2889A1006198C7 /* T1E1BCarlosMenesesTests.xctest */,
				0D332A711C2889A1006198C7 /* T1E1BCarlosMenesesUITests.xctest */,
			);
			name = Products;
			sourceTree = "<group>";
		};
		0D332A541C2889A1006198C7 /* T1E1BCarlosMeneses */ = {
			isa = PBXGroup;
			children = (
				0D332A551C2889A1006198C7 /* AppDelegate.swift */,
				0D332A571C2889A1006198C7 /* ViewController.swift */,
				0D332A591C2889A1006198C7 /* Main.storyboard */,
				0D332A5C1C2889A1006198C7 /* Assets.xcassets */,
				0D332A5E1C2889A1006198C7 /* LaunchScreen.storyboard */,
				0D332A611C2889A1006198C7 /* Info.plist */,
			);
			path = T1E1BCarlosMeneses;
			sourceTree = "<group>";
		};
		0D332A691C2889A1006198C7 /* T1E1BCarlosMenesesTests */ = {
			isa = PBXGroup;
			children = (
				0D332A6A1C2889A1006198C7 /* T1E1BCarlosMenesesTests.swift */,
				0D332A6C1C2889A1006198C7 /* Info.plist */,
			);
			path = T1E1BCarlosMenesesTests;
			sourceTree = "<group>";
		};
		0D332A741C2889A1006198C7 /* T1E1BCarlosMenesesUITests */ = {
			isa = PBXGroup;
			children = (
				0D332A751C2889A1006198C7 /* T1E1BCarlosMenesesUITests.swift */,
				0D332A771C2889A1006198C7 /* Info.plist */,
			);
			path = T1E1BCarlosMenesesUITests;
			sourceTree = "<group>";
		};
/* End PBXGroup section */

/* Begin PBXNativeTarget section */
		0D332A511C2889A1006198C7 /* T1E1BCarlosMeneses */ = {
			isa = PBXNativeTarget;
			buildConfigurationList = 0D332A7A1C2889A1006198C7 /* Build configuration list for PBXNativeTarget "T1E1BCarlosMeneses" */;
			buildPhases = (
				0D332A4E1C2889A1006198C7 /* Sources */,
				0D332A4F1C2889A1006198C7 /* Frameworks */,
				0D332A501C2889A1006198C7 /* Resources */,
			);
			buildRules = (
			);
			dependencies = (
			);
			name = T1E1BCarlosMeneses;
			productName = T1E1BCarlosMeneses;
			productReference = 0D332A521C2889A1006198C7 /* T1E1BCarlosMeneses.app */;
			productType = "com.apple.product-type.application";
		};
		0D332A651C2889A1006198C7 /* T1E1BCarlosMenesesTests */ = {
			isa = PBXNativeTarget;
			buildConfigurationList = 0D332A7D1C2889A1006198C7 /* Build configuration list for PBXNativeTarget "T1E1BCarlosMenesesTests" */;
			buildPhases = (
				0D332A621C2889A1006198C7 /* Sources */,
				0D332A631C2889A1006198C7 /* Frameworks */,
				0D332A641C2889A1006198C7 /* Resources */,
			);
			buildRules = (
			);
			dependencies = (
				0D332A681C2889A1006198C7 /* PBXTargetDependency */,
			);
			name = T1E1BCarlosMenesesTests;
			productName = T1E1BCarlosMenesesTests;
			productReference = 0D332A661C2889A1006198C7 /* T1E1BCarlosMenesesTests.xctest */;
			productType = "com.apple.product-type.bundle.unit-test";
		};
		0D332A701C2889A1006198C7 /* T1E1BCarlosMenesesUITests */ = {
			isa = PBXNativeTarget;
			buildConfigurationList = 0D332A801C2889A1006198C7 /* Build configuration list for PBXNativeTarget "T1E1BCarlosMenesesUITests" */;
			buildPhases = (
				0D332A6D1C2889A1006198C7 /* Sources */,
				0D332A6E1C2889A1006198C7 /* Frameworks */,
				0D332A6F1C2889A1006198C7 /* Resources */,
			);
			buildRules = (
			);
			dependencies = (
				0D332A731C2889A1006198C7 /* PBXTargetDependency */,
			);
			name = T1E1BCarlosMenesesUITests;
			productName = T1E1BCarlosMenesesUITests;
			productReference = 0D332A711C2889A1006198C7 /* T1E1BCarlosMenesesUITests.xctest */;
			productType = "com.apple.product-type.bundle.ui-testing";
		};
/* End PBXNativeTarget section */

/* Begin PBXProject section */
		0D332A4A1C2889A1006198C7 /* Project object */ = {
			isa = PBXProject;
			attributes = {
				LastSwiftUpdateCheck = 0720;
				LastUpgradeCheck = 0720;
				ORGANIZATIONNAME = formacion;
				TargetAttributes = {
					0D332A511C2889A1006198C7 = {
						CreatedOnToolsVersion = 7.2;
					};
					0D332A651C2889A1006198C7 = {
						CreatedOnToolsVersion = 7.2;
						TestTargetID = 0D332A511C2889A1006198C7;
					};
					0D332A701C2889A1006198C7 = {
						CreatedOnToolsVersion = 7.2;
						TestTargetID = 0D332A511C2889A1006198C7;
					};
				};
			};
			buildConfigurationList = 0D332A4D1C2889A1006198C7 /* Build configuration list for PBXProject "T1E1BCarlosMeneses" */;
			compatibilityVersion = "Xcode 3.2";
			developmentRegion = English;
			hasScannedForEncodings = 0;
			knownRegions = (
				en,
				Base,
			);
			mainGroup = 0D332A491C2889A1006198C7;
			productRefGroup = 0D332A531C2889A1006198C7 /* Products */;
			projectDirPath = "";
			projectRoot = "";
			targets = (
				0D332A511C2889A1006198C7 /* T1E1BCarlosMeneses */,
				0D332A651C2889A1006198C7 /* T1E1BCarlosMenesesTests */,
				0D332A701C2889A1006198C7 /* T1E1BCarlosMenesesUITests */,
			);
		};
/* End PBXProject section */

/* Begin PBXResourcesBuildPhase section */
		0D332A501C2889A1006198C7 /* Resources */ = {
			isa = PBXResourcesBuildPhase;
			buildActionMask = 2147483647;
			files = (
				0D332A601C2889A1006198C7 /* LaunchScreen.storyboard in Resources */,
				0D332A5D1C2889A1006198C7 /* Assets.xcassets in Resources */,
				0D332A5B1C2889A1006198C7 /* Main.storyboard in Resources */,
			);
			runOnlyForDeploymentPostprocessing = 0;
		};
		0D332A641C2889A1006198C7 /* Resources */ = {
			isa = PBXResourcesBuildPhase;
			buildActionMask = 2147483647;
			files = (
			);
			runOnlyForDeploymentPostprocessing = 0;
		};
		0D332A6F1C2889A1006198C7 /* Resources */ = {
			isa = PBXResourcesBuildPhase;
			buildActionMask = 2147483647;
			files = (
			);
			runOnlyForDeploymentPostprocessing = 0;
		};
/* End PBXResourcesBuildPhase section */

/* Begin PBXSourcesBuildPhase section */
		0D332A4E1C2889A1006198C7 /* Sources */ = {
			isa = PBXSourcesBuildPhase;
			buildActionMask = 2147483647;
			files = (
				0D332A581C2889A1006198C7 /* ViewController.swift in Sources */,
				0D332A561C2889A1006198C7 /* AppDelegate.swift in Sources */,
			);
			runOnlyForDeploymentPostprocessing = 0;
		};
		0D332A621C2889A1006198C7 /* Sources */ = {
			isa = PBXSourcesBuildPhase;
			buildActionMask = 2147483647;
			files = (
				0D332A6B1C2889A1006198C7 /* T1E1BCarlosMenesesTests.swift in Sources */,
			);
			runOnlyForDeploymentPostprocessing = 0;
		};
		0D332A6D1C2889A1006198C7 /* Sources */ = {
			isa = PBXSourcesBuildPhase;
			buildActionMask = 2147483647;
			files = (
				0D332A761C2889A1006198C7 /* T1E1BCarlosMenesesUITests.swift in Sources */,
			);
			runOnlyForDeploymentPostprocessing = 0;
		};
/* End PBXSourcesBuildPhase section */

/* Begin PBXTargetDependency section */
		0D332A681C2889A1006198C7 /* PBXTargetDependency */ = {
			isa = PBXTargetDependency;
			target = 0D332A511C2889A1006198C7 /* T1E1BCarlosMeneses */;
			targetProxy = 0D332A671C2889A1006198C7 /* PBXContainerItemProxy */;
		};
		0D332A731C2889A1006198C7 /* PBXTargetDependency */ = {
			isa = PBXTargetDependency;
			target = 0D332A511C2889A1006198C7 /* T1E1BCarlosMeneses */;
			targetProxy = 0D332A721C2889A1006198C7 /* PBXContainerItemProxy */;
		};
/* End PBXTargetDependency section */

/* Begin PBXVariantGroup section */
		0D332A591C2889A1006198C7 /* Main.storyboard */ = {
			isa = PBXVariantGroup;
			children = (
				0D332A5A1C2889A1006198C7 /* Base */,
			);
			name = Main.storyboard;
			sourceTree = "<group>";
		};
		0D332A5E1C2889A1006198C7 /* LaunchScreen.storyboard */ = {
			isa = PBXVariantGroup;
			children = (
				0D332A5F1C2889A1006198C7 /* Base */,
			);
			name = LaunchScreen.storyboard;
			sourceTree = "<group>";
		};
/* End PBXVariantGroup section */

/* Begin XCBuildConfiguration section */
		0D332A781C2889A1006198C7 /* Debug */ = {
			isa = XCBuildConfiguration;
			buildSettings = {
				ALWAYS_SEARCH_USER_PATHS = NO;
				CLANG_CXX_LANGUAGE_STANDARD = "gnu++0x";
				CLANG_CXX_LIBRARY = "libc++";
				CLANG_ENABLE_MODULES = YES;
				CLANG_ENABLE_OBJC_ARC = YES;
				CLANG_WARN_BOOL_CONVERSION = YES;
				CLANG_WARN_CONSTANT_CONVERSION = YES;
				CLANG_WARN_DIRECT_OBJC_ISA_USAGE = YES_ERROR;
				CLANG_WARN_EMPTY_BODY = YES;
				CLANG_WARN_ENUM_CONVERSION = YES;
				CLANG_WARN_INT_CONVERSION = YES;
				CLANG_WARN_OBJC_ROOT_CLASS = YES_ERROR;
				CLANG_WARN_UNREACHABLE_CODE = YES;
				CLANG_WARN__DUPLICATE_METHOD_MATCH = YES;
				"CODE_SIGN_IDENTITY[sdk=iphoneos*]" = "iPhone Developer";
				COPY_PHASE_STRIP = NO;
				DEBUG_INFORMATION_FORMAT = dwarf;
				ENABLE_STRICT_OBJC_MSGSEND = YES;
				ENABLE_TESTABILITY = YES;
				GCC_C_LANGUAGE_STANDARD = gnu99;
				GCC_DYNAMIC_NO_PIC = NO;
				GCC_NO_COMMON_BLOCKS = YES;
				GCC_OPTIMIZATION_LEVEL = 0;
				GCC_PREPROCESSOR_DEFINITIONS = (
					"DEBUG=1",
					"$(inherited)",
				);
				GCC_WARN_64_TO_32_BIT_CONVERSION = YES;
				GCC_WARN_ABOUT_RETURN_TYPE = YES_ERROR;
				GCC_WARN_UNDECLARED_SELECTOR = YES;
				GCC_WARN_UNINITIALIZED_AUTOS = YES_AGGRESSIVE;
				GCC_WARN_UNUSED_FUNCTION = YES;
				GCC_WARN_UNUSED_VARIABLE = YES;
				IPHONEOS_DEPLOYMENT_TARGET = 9.2;
				MTL_ENABLE_DEBUG_INFO = YES;
				ONLY_ACTIVE_ARCH = YES;
				SDKROOT = iphoneos;
				SWIFT_OPTIMIZATION_LEVEL = "-Onone";
				TARGETED_DEVICE_FAMILY = "1,2";
			};
			name = Debug;
		};
		0D332A791C2889A1006198C7 /* Release */ = {
			isa = XCBuildConfiguration;
			buildSettings = {
				ALWAYS_SEARCH_USER_PATHS = NO;
				CLANG_CXX_LANGUAGE_STANDARD = "gnu++0x";
				CLANG_CXX_LIBRARY = "libc++";
				CLANG_ENABLE_MODULES = YES;
				CLANG_ENABLE_OBJC_ARC = YES;
				CLANG_WARN_BOOL_CONVERSION = YES;
				CLANG_WARN_CONSTANT_CONVERSION = YES;
				CLANG_WARN_DIRECT_OBJC_ISA_USAGE = YES_ERROR;
				CLANG_WARN_EMPTY_BODY = YES;
				CLANG_WARN_ENUM_CONVERSION = YES;
				CLANG_WARN_INT_CONVERSION = YES;
				CLANG_WARN_OBJC_ROOT_CLASS = YES_ERROR;
				CLANG_WARN_UNREACHABLE_CODE = YES;
				CLANG_WARN__DUPLICATE_METHOD_MATCH = YES;
				"CODE_SIGN_IDENTITY[sdk=iphoneos*]" = "iPhone Developer";
				COPY_PHASE_STRIP = NO;
				DEBUG_INFORMATION_FORMAT = "dwarf-with-dsym";
				ENABLE_NS_ASSERTIONS = NO;
				ENABLE_STRICT_OBJC_MSGSEND = YES;
				GCC_C_LANGUAGE_STANDARD = gnu99;
				GCC_NO_COMMON_BLOCKS = YES;
				GCC_WARN_64_TO_32_BIT_CONVERSION = YES;
				GCC_WARN_ABOUT_RETURN_TYPE = YES_ERROR;
				GCC_WARN_UNDECLARED_SELECTOR = YES;
				GCC_WARN_UNINITIALIZED_AUTOS = YES_AGGRESSIVE;
				GCC_WARN_UNUSED_FUNCTION = YES;
				GCC_WARN_UNUSED_VARIABLE = YES;
				IPHONEOS_DEPLOYMENT_TARGET = 9.2;
				MTL_ENABLE_DEBUG_INFO = NO;
				SDKROOT = iphoneos;
				TARGETED_DEVICE_FAMILY = "1,2";
				VALIDATE_PRODUCT = YES;
			};
			name = Release;
		};
		0D332A7B1C2889A1006198C7 /* Debug */ = {
			isa = XCBuildConfiguration;
			buildSettings = {
				ASSETCATALOG_COMPILER_APPICON_NAME = AppIcon;
				INFOPLIST_FILE = T1E1BCarlosMeneses/Info.plist;
				LD_RUNPATH_SEARCH_PATHS = "$(inherited) @executable_path/Frameworks";
				PRODUCT_BUNDLE_IDENTIFIER = COM.UNIMULTIPLE.T1E1BCarlosMeneses;
				PRODUCT_NAME = "$(TARGET_NAME)";
			};
			name = Debug;
		};
		0D332A7C1C2889A1006198C7 /* Release */ = {
			isa = XCBuildConfiguration;
			buildSettings = {
				ASSETCATALOG_COMPILER_APPICON_NAME = AppIcon;
				INFOPLIST_FILE = T1E1BCarlosMeneses/Info.plist;
				LD_RUNPATH_SEARCH_PATHS = "$(inherited) @executable_path/Frameworks";
				PRODUCT_BUNDLE_IDENTIFIER = COM.UNIMULTIPLE.T1E1BCarlosMeneses;
				PRODUCT_NAME = "$(TARGET_NAME)";
			};
			name = Release;
		};
		0D332A7E1C2889A1006198C7 /* Debug */ = {
			isa = XCBuildConfiguration;
			buildSettings = {
				BUNDLE_LOADER = "$(TEST_HOST)";
				INFOPLIST_FILE = T1E1BCarlosMenesesTests/Info.plist;
				LD_RUNPATH_SEARCH_PATHS = "$(inherited) @executable_path/Frameworks @loader_path/Frameworks";
				PRODUCT_BUNDLE_IDENTIFIER = COM.UNIMULTIPLE.T1E1BCarlosMenesesTests;
				PRODUCT_NAME = "$(TARGET_NAME)";
				TEST_HOST = "$(BUILT_PRODUCTS_DIR)/T1E1BCarlosMeneses.app/T1E1BCarlosMeneses";
			};
			name = Debug;
		};
		0D332A7F1C2889A1006198C7 /* Release */ = {
			isa = XCBuildConfiguration;
			buildSettings = {
				BUNDLE_LOADER = "$(TEST_HOST)";
				INFOPLIST_FILE = T1E1BCarlosMenesesTests/Info.plist;
				LD_RUNPATH_SEARCH_PATHS = "$(inherited) @executable_path/Frameworks @loader_path/Frameworks";
				PRODUCT_BUNDLE_IDENTIFIER = COM.UNIMULTIPLE.T1E1BCarlosMenesesTests;
				PRODUCT_NAME = "$(TARGET_NAME)";
				TEST_HOST = "$(BUILT_PRODUCTS_DIR)/T1E1BCarlosMeneses.app/T1E1BCarlosMeneses";
			};
			name = Release;
		};
		0D332A811C2889A1006198C7 /* Debug */ = {
			isa = XCBuildConfiguration;
			buildSettings = {
				INFOPLIST_FILE = T1E1BCarlosMenesesUITests/Info.plist;
				LD_RUNPATH_SEARCH_PATHS = "$(inherited) @executable_path/Frameworks @loader_path/Frameworks";
				PRODUCT_BUNDLE_IDENTIFIER = COM.UNIMULTIPLE.T1E1BCarlosMenesesUITests;
				PRODUCT_NAME = "$(TARGET_NAME)";
				TEST_TARGET_NAME = T1E1BCarlosMeneses;
				USES_XCTRUNNER = YES;
			};
			name = Debug;
		};
		0D332A821C2889A1006198C7 /* Release */ = {
			isa = XCBuildConfiguration;
			buildSettings = {
				INFOPLIST_FILE = T1E1BCarlosMenesesUITests/Info.plist;
				LD_RUNPATH_SEARCH_PATHS = "$(inherited) @executable_path/Frameworks @loader_path/Frameworks";
				PRODUCT_BUNDLE_IDENTIFIER = COM.UNIMULTIPLE.T1E1BCarlosMenesesUITests;
				PRODUCT_NAME = "$(TARGET_NAME)";
				TEST_TARGET_NAME = T1E1BCarlosMeneses;
				USES_XCTRUNNER = YES;
			};
			name = Release;
		};
/* End XCBuildConfiguration section */

/* Begin XCConfigurationList section */
		0D332A4D1C2889A1006198C7 /* Build configuration list for PBXProject "T1E1BCarlosMeneses" */ = {
			isa = XCConfigurationList;
			buildConfigurations = (
				0D332A781C2889A1006198C7 /* Debug */,
				0D332A791C2889A1006198C7 /* Release */,
			);
			defaultConfigurationIsVisible = 0;
			defaultConfigurationName = Release;
		};
		0D332A7A1C2889A1006198C7 /* Build configuration list for PBXNativeTarget "T1E1BCarlosMeneses" */ = {
			isa = XCConfigurationList;
			buildConfigurations = (
				0D332A7B1C2889A1006198C7 /* Debug */,
				0D332A7C1C2889A1006198C7 /* Release */,
			);
			defaultConfigurationIsVisible = 0;
		};
		0D332A7D1C2889A1006198C7 /* Build configuration list for PBXNativeTarget "T1E1BCarlosMenesesTests" */ = {
			isa = XCConfigurationList;
			buildConfigurations = (
				0D332A7E1C2889A1006198C7 /* Debug */,
				0D332A7F1C2889A1006198C7 /* Release */,
			);
			defaultConfigurationIsVisible = 0;
		};
		0D332A801C2889A1006198C7 /* Build configuration list for PBXNativeTarget "T1E1BCarlosMenesesUITests" */ = {
			isa = XCConfigurationList;
			buildConfigurations = (
				0D332A811C2889A1006198C7 /* Debug */,
				0D332A821C2889A1006198C7 /* Release */,
			);
			defaultConfigurationIsVisible = 0;
		};
/* End XCConfigurationList section */
	};
	rootObject = 0D332A4A1C2889A1006198C7 /* Project object */;
}
